{
  "name": "Cisco_sextant",
  "lockfileVersion": 3,
  "requires": true,
  "packages": {
    "": {
      "dependencies": {
        "pylon": "^0.0.24"
      }
    },
    "node_modules/debug": {
      "version": "0.5.0",
      "resolved": "https://registry.npmjs.org/debug/-/debug-0.5.0.tgz",
      "integrity": "sha512-5xwa00fC8jw+qiSnXWrjzqtNyTwDIC+N9BPQHKaj0rzPclk4HJ//H1aAta1+YVjc1+z3yj3giHI93fr+4vvOBQ==",
      "engines": {
        "node": "*"
      }
    },
    "node_modules/eventemitter2": {
      "version": "0.4.8",
      "resolved": "https://registry.npmjs.org/eventemitter2/-/eventemitter2-0.4.8.tgz",
      "integrity": "sha512-GBmgIYcg6tCB0GDAlp3RfM9JOSpQokHSBHb96mS7AFErsfumw8m4HVnKv4R6uXi6GBZQhmKAFmUXViISDzKb4Q==",
      "engines": [
        "node"
      ]
    },
    "node_modules/eventvat": {
      "version": "0.2.1",
      "resolved": "https://registry.npmjs.org/eventvat/-/eventvat-0.2.1.tgz",
      "integrity": "sha512-03RimX4xy+4fAV5sdIPd87Y7Q5p/kFVuvOJbCWCL2FX8K7Ujzd1sa3oZEtqxdGWLoIf89yL+dLBFqxHeEp70MQ==",
      "dependencies": {
        "eventemitter2": ">=0.4.x"
      }
    },
    "node_modules/lazy": {
      "version": "1.0.11",
      "resolved": "https://registry.npmjs.org/lazy/-/lazy-1.0.11.tgz",
      "integrity": "sha512-Y+CjUfLmIpoUCCRl0ub4smrYtGGr5AOa2AKOaWelGHOGz33X/Y/KizefGqbkwfz44+cnq/+9habclf8vOmu2LA==",
      "engines": {
        "node": ">=0.2.0"
      }
    },
    "node_modules/lodash": {
      "version": "1.3.1",
      "resolved": "https://registry.npmjs.org/lodash/-/lodash-1.3.1.tgz",
      "integrity": "sha512-F7AB8u+6d00CCgnbjWzq9fFLpzOMCgq6mPjOW4+8+dYbrnc0obRrC+IHctzfZ1KKTQxX0xo/punrlpOWcf4gpw==",
      "engines": [
        "node",
        "rhino"
      ]
    },
    "node_modules/nssocket": {
      "version": "0.5.1",
      "resolved": "https://registry.npmjs.org/nssocket/-/nssocket-0.5.1.tgz",
      "integrity": "sha512-egzwnoaTxQoG4K4r9pHuxpdCYXcaBjuED7ZIz2TPfKSQ5tQ3VAXdH/MPXTa055NSN0Twkg7NSpKyaFxwiQ3d5A==",
      "dependencies": {
        "eventemitter2": "~0.4.11",
        "lazy": "~1.0.11"
      },
      "engines": {
        "node": ">= 0.6.x"
      }
    },
    "node_modules/nssocket/node_modules/eventemitter2": {
      "version": "0.4.14",
      "resolved": "https://registry.npmjs.org/eventemitter2/-/eventemitter2-0.4.14.tgz",
      "integrity": "sha512-K7J4xq5xAD5jHsGM5ReWXRTFa3JRGofHiMcVgQ8PRwgWxzjHpMWCIzsmyf60+mh8KLsqYPcjUMa0AC4hd6lPyQ=="
    },
    "node_modules/optimist": {
      "version": "0.3.1",
      "resolved": "https://registry.npmjs.org/optimist/-/optimist-0.3.1.tgz",
      "integrity": "sha512-SlvDwWll6UznuRvu5kxmlskndLf8GPbTFr75XYWkbmDdDL3HZWnsUqUbniXCpWlJnsIxJ5ZKKy0DOfL0i2RCRA==",
      "dependencies": {
        "wordwrap": ">=0.0.1 <0.1.0"
      },
      "engines": {
        "node": "*"
      }
    },
    "node_modules/pylon": {
      "version": "0.0.24",
      "resolved": "https://registry.npmjs.org/pylon/-/pylon-0.0.24.tgz",
      "integrity": "sha512-jRRLmYWC1E+a1DAVoHtMxs1GMVLNr6+dIUbkHTsJiTRs0fZsjn9eqtVxddyRp9hTs6lll7VWKdoYv7bSISij2g==",
      "dependencies": {
        "debug": "0.5.0",
        "lodash": "1.3.1",
        "optimist": "0.3.1",
        "socketvat": "0.0.27"
      },
      "bin": {
        "pylon": "bin/cli.js"
      },
      "engines": {
        "node": ">=0.6.0"
      }
    },
    "node_modules/socketvat": {
      "version": "0.0.27",
      "resolved": "https://registry.npmjs.org/socketvat/-/socketvat-0.0.27.tgz",
      "integrity": "sha512-2UyC9OQOFRFhLa96ihKgzKVwVyeEHjmlMZB1C3/2qG9STZ23tBHUfpJ2MCCAlU78Z7M49R/ZQBFQiL77rzEewQ==",
      "dependencies": {
        "debug": "0.5.0",
        "eventemitter2": "0.4.8",
        "eventvat": "0.2.1",
        "nssocket": "0.5.1"
      },
      "engines": {
        "node": "*"
      }
    },
    "node_modules/wordwrap": {
      "version": "0.0.3",
      "resolved": "https://registry.npmjs.org/wordwrap/-/wordwrap-0.0.3.tgz",
      "integrity": "sha512-1tMA907+V4QmxV7dbRvb4/8MaRALK6q9Abid3ndMYnbyo8piisCmeONVqVSXqQA3KaP4SLt5b7ud6E2sqP8TFw==",
      "engines": {
        "node": ">=0.4.0"
      }
    }
  }
}
